
Microsoft Visual Studio Solution File, Format Version 12.00
# Visual Studio 15
VisualStudioVersion = 15.0.27130.2010
MinimumVisualStudioVersion = 10.0.40219.1
Project("{FAE04EC0-301F-11D3-BF4B-00C04F79EFBC}") = "Iterators", "Iterators\Iterators.csproj", "{E939F742-5253-4ACF-82E2-3511C42F6962}"
EndProject
Project("{FAE04EC0-301F-11D3-BF4B-00C04F79EFBC}") = "ExtensionMethods", "ExtensionMethods\ExtensionMethods.csproj", "{B0003A7F-0F39-491B-9E49-67015B5CADF7}"
EndProject
Project("{FAE04EC0-301F-11D3-BF4B-00C04F79EFBC}") = "NullableValueTypes", "NullableValueTypes\NullableValueTypes.csproj", "{208C9DA8-4D25-4624-A14F-DC5F4B7526EC}"
EndProject
Global
	GlobalSection(SolutionConfigurationPlatforms) = preSolution
		Debug|Any CPU = Debug|Any CPU
		Release|Any CPU = Release|Any CPU
	EndGlobalSection
	GlobalSection(ProjectConfigurationPlatforms) = postSolution
		{E939F742-5253-4ACF-82E2-3511C42F6962}.Debug|Any CPU.ActiveCfg = Debug|Any CPU
		{E939F742-5253-4ACF-82E2-3511C42F6962}.Debug|Any CPU.Build.0 = Debug|Any CPU
		{E939F742-5253-4ACF-82E2-3511C42F6962}.Release|Any CPU.ActiveCfg = Release|Any CPU
		{E939F742-5253-4ACF-82E2-3511C42F6962}.Release|Any CPU.Build.0 = Release|Any CPU
		{B0003A7F-0F39-491B-9E49-67015B5CADF7}.Debug|Any CPU.ActiveCfg = Debug|Any CPU
		{B0003A7F-0F39-491B-9E49-67015B5CADF7}.Debug|Any CPU.Build.0 = Debug|Any CPU
		{B0003A7F-0F39-491B-9E49-67015B5CADF7}.Release|Any CPU.ActiveCfg = Release|Any CPU
		{B0003A7F-0F39-491B-9E49-67015B5CADF7}.Release|Any CPU.Build.0 = Release|Any CPU
		{208C9DA8-4D25-4624-A14F-DC5F4B7526EC}.Debug|Any CPU.ActiveCfg = Debug|Any CPU
		{208C9DA8-4D25-4624-A14F-DC5F4B7526EC}.Debug|Any CPU.Build.0 = Debug|Any CPU
		{208C9DA8-4D25-4624-A14F-DC5F4B7526EC}.Release|Any CPU.ActiveCfg = Release|Any CPU
		{208C9DA8-4D25-4624-A14F-DC5F4B7526EC}.Release|Any CPU.Build.0 = Release|Any CPU
	EndGlobalSection
	GlobalSection(SolutionProperties) = preSolution
		HideSolutionNode = FALSE
	EndGlobalSection
	GlobalSection(ExtensibilityGlobals) = postSolution
		SolutionGuid = {0AC4803E-0633-4C90-AEC4-EF21E335E6A9}
	EndGlobalSection
EndGlobal
