
Microsoft Visual Studio Solution File, Format Version 12.00
# Visual Studio 15
VisualStudioVersion = 15.0.27130.2010
MinimumVisualStudioVersion = 10.0.40219.1
Project("{FAE04EC0-301F-11D3-BF4B-00C04F79EFBC}") = "SampleData", "SampleData\SampleData.csproj", "{F500D387-CF42-4599-B703-A70F5C1A2688}"
EndProject
Project("{FAE04EC0-301F-11D3-BF4B-00C04F79EFBC}") = "Grouping-Joining", "Grouping-Joining\Grouping-Joining.csproj", "{9B90DCAF-4700-4C09-A134-1FFFB18FEAA4}"
EndProject
Global
	GlobalSection(SolutionConfigurationPlatforms) = preSolution
		Debug|Any CPU = Debug|Any CPU
		Release|Any CPU = Release|Any CPU
	EndGlobalSection
	GlobalSection(ProjectConfigurationPlatforms) = postSolution
		{F500D387-CF42-4599-B703-A70F5C1A2688}.Debug|Any CPU.ActiveCfg = Debug|Any CPU
		{F500D387-CF42-4599-B703-A70F5C1A2688}.Debug|Any CPU.Build.0 = Debug|Any CPU
		{F500D387-CF42-4599-B703-A70F5C1A2688}.Release|Any CPU.ActiveCfg = Release|Any CPU
		{F500D387-CF42-4599-B703-A70F5C1A2688}.Release|Any CPU.Build.0 = Release|Any CPU
		{9B90DCAF-4700-4C09-A134-1FFFB18FEAA4}.Debug|Any CPU.ActiveCfg = Debug|Any CPU
		{9B90DCAF-4700-4C09-A134-1FFFB18FEAA4}.Debug|Any CPU.Build.0 = Debug|Any CPU
		{9B90DCAF-4700-4C09-A134-1FFFB18FEAA4}.Release|Any CPU.ActiveCfg = Release|Any CPU
		{9B90DCAF-4700-4C09-A134-1FFFB18FEAA4}.Release|Any CPU.Build.0 = Release|Any CPU
	EndGlobalSection
	GlobalSection(SolutionProperties) = preSolution
		HideSolutionNode = FALSE
	EndGlobalSection
	GlobalSection(ExtensibilityGlobals) = postSolution
		SolutionGuid = {B57A00BC-43C6-42BC-AD43-BE4293E6B445}
	EndGlobalSection
EndGlobal
